// !$*UTF8*$!
{
	archiveVersion = 1;
	classes = {
	};
	objectVersion = 50;
	objects = {

/* Begin PBXBuildFile section */
		7578F20F22E29CB900D42ADC /* AppDelegate.swift in Sources */ = {isa = PBXBuildFile; fileRef = 7578F20E22E29CB900D42ADC /* AppDelegate.swift */; };
		7578F21122E29CB900D42ADC /* CameraVC.swift in Sources */ = {isa = PBXBuildFile; fileRef = 7578F21022E29CB900D42ADC /* CameraVC.swift */; };
		7578F21422E29CB900D42ADC /* Main.storyboard in Resources */ = {isa = PBXBuildFile; fileRef = 7578F21222E29CB900D42ADC /* Main.storyboard */; };
		7578F21622E29CBC00D42ADC /* Assets.xcassets in Resources */ = {isa = PBXBuildFile; fileRef = 7578F21522E29CBC00D42ADC /* Assets.xcassets */; };
		7578F21922E29CBC00D42ADC /* LaunchScreen.storyboard in Resources */ = {isa = PBXBuildFile; fileRef = 7578F21722E29CBC00D42ADC /* LaunchScreen.storyboard */; };
		7578F22422E2A01D00D42ADC /* RoundedShadow.swift in Sources */ = {isa = PBXBuildFile; fileRef = 7578F22322E2A01D00D42ADC /* RoundedShadow.swift */; };
		7578F22622E2A13C00D42ADC /* RoundedShadowButton.swift in Sources */ = {isa = PBXBuildFile; fileRef = 7578F22522E2A13C00D42ADC /* RoundedShadowButton.swift */; };
		7578F22822E2A17D00D42ADC /* RoundedShadowImageView.swift in Sources */ = {isa = PBXBuildFile; fileRef = 7578F22722E2A17D00D42ADC /* RoundedShadowImageView.swift */; };
		7578F22A22E2BAA200D42ADC /* SqueezeNet.mlmodel in Sources */ = {isa = PBXBuildFile; fileRef = 7578F22922E2BAA200D42ADC /* SqueezeNet.mlmodel */; };
/* End PBXBuildFile section */

/* Begin PBXFileReference section */
		7578F20B22E29CB900D42ADC /* vision-app-dev.app */ = {isa = PBXFileReference; explicitFileType = wrapper.application; includeInIndex = 0; path = "vision-app-dev.app"; sourceTree = BUILT_PRODUCTS_DIR; };
		7578F20E22E29CB900D42ADC /* AppDelegate.swift */ = {isa = PBXFileReference; lastKnownFileType = sourcecode.swift; path = AppDelegate.swift; sourceTree = "<group>"; };
		7578F21022E29CB900D42ADC /* CameraVC.swift */ = {isa = PBXFileReference; lastKnownFileType = sourcecode.swift; path = CameraVC.swift; sourceTree = "<group>"; };
		7578F21322E29CB900D42ADC /* Base */ = {isa = PBXFileReference; lastKnownFileType = file.storyboard; name = Base; path = Base.lproj/Main.storyboard; sourceTree = "<group>"; };
		7578F21522E29CBC00D42ADC /* Assets.xcassets */ = {isa = PBXFileReference; lastKnownFileType = folder.assetcatalog; path = Assets.xcassets; sourceTree = "<group>"; };
		7578F21822E29CBC00D42ADC /* Base */ = {isa = PBXFileReference; lastKnownFileType = file.storyboard; name = Base; path = Base.lproj/LaunchScreen.storyboard; sourceTree = "<group>"; };
		7578F21A22E29CBC00D42ADC /* Info.plist */ = {isa = PBXFileReference; lastKnownFileType = text.plist.xml; path = Info.plist; sourceTree = "<group>"; };
		7578F22322E2A01D00D42ADC /* RoundedShadow.swift */ = {isa = PBXFileReference; lastKnownFileType = sourcecode.swift; path = RoundedShadow.swift; sourceTree = "<group>"; };
		7578F22522E2A13C00D42ADC /* RoundedShadowButton.swift */ = {isa = PBXFileReference; lastKnownFileType = sourcecode.swift; path = RoundedShadowButton.swift; sourceTree = "<group>"; };
		7578F22722E2A17D00D42ADC /* RoundedShadowImageView.swift */ = {isa = PBXFileReference; lastKnownFileType = sourcecode.swift; path = RoundedShadowImageView.swift; sourceTree = "<group>"; };
		7578F22922E2BAA200D42ADC /* SqueezeNet.mlmodel */ = {isa = PBXFileReference; lastKnownFileType = file.mlmodel; path = SqueezeNet.mlmodel; sourceTree = "<group>"; };
/* End PBXFileReference section */

/* Begin PBXFrameworksBuildPhase section */
		7578F20822E29CB900D42ADC /* Frameworks */ = {
			isa = PBXFrameworksBuildPhase;
			buildActionMask = 2147483647;
			files = (
			);
			runOnlyForDeploymentPostprocessing = 0;
		};
/* End PBXFrameworksBuildPhase section */

/* Begin PBXGroup section */
		7578F20222E29CB900D42ADC = {
			isa = PBXGroup;
			children = (
				7578F20D22E29CB900D42ADC /* vision-app-dev */,
				7578F20C22E29CB900D42ADC /* Products */,
			);
			sourceTree = "<group>";
		};
		7578F20C22E29CB900D42ADC /* Products */ = {
			isa = PBXGroup;
			children = (
				7578F20B22E29CB900D42ADC /* vision-app-dev.app */,
			);
			name = Products;
			sourceTree = "<group>";
		};
		7578F20D22E29CB900D42ADC /* vision-app-dev */ = {
			isa = PBXGroup;
			children = (
				7578F22222E29CDB00D42ADC /* Resources */,
				7578F22122E29CD400D42ADC /* View */,
				7578F22022E29CC500D42ADC /* Controller */,
				7578F20E22E29CB900D42ADC /* AppDelegate.swift */,
				7578F21222E29CB900D42ADC /* Main.storyboard */,
				7578F21522E29CBC00D42ADC /* Assets.xcassets */,
				7578F21722E29CBC00D42ADC /* LaunchScreen.storyboard */,
				7578F21A22E29CBC00D42ADC /* Info.plist */,
			);
			path = "vision-app-dev";
			sourceTree = "<group>";
		};
		7578F22022E29CC500D42ADC /* Controller */ = {
			isa = PBXGroup;
			children = (
				7578F21022E29CB900D42ADC /* CameraVC.swift */,
			);
			path = Controller;
			sourceTree = "<group>";
		};
		7578F22122E29CD400D42ADC /* View */ = {
			isa = PBXGroup;
			children = (
				7578F22322E2A01D00D42ADC /* RoundedShadow.swift */,
				7578F22522E2A13C00D42ADC /* RoundedShadowButton.swift */,
				7578F22722E2A17D00D42ADC /* RoundedShadowImageView.swift */,
			);
			path = View;
			sourceTree = "<group>";
		};
		7578F22222E29CDB00D42ADC /* Resources */ = {
			isa = PBXGroup;
			children = (
				7578F22922E2BAA200D42ADC /* SqueezeNet.mlmodel */,
			);
			path = Resources;
			sourceTree = "<group>";
		};
/* End PBXGroup section */

/* Begin PBXNativeTarget section */
		7578F20A22E29CB900D42ADC /* vision-app-dev */ = {
			isa = PBXNativeTarget;
			buildConfigurationList = 7578F21D22E29CBC00D42ADC /* Build configuration list for PBXNativeTarget "vision-app-dev" */;
			buildPhases = (
				7578F20722E29CB900D42ADC /* Sources */,
				7578F20822E29CB900D42ADC /* Frameworks */,
				7578F20922E29CB900D42ADC /* Resources */,
			);
			buildRules = (
			);
			dependencies = (
			);
			name = "vision-app-dev";
			productName = "vision-app-dev";
			productReference = 7578F20B22E29CB900D42ADC /* vision-app-dev.app */;
			productType = "com.apple.product-type.application";
		};
/* End PBXNativeTarget section */

/* Begin PBXProject section */
		7578F20322E29CB900D42ADC /* Project object */ = {
			isa = PBXProject;
			attributes = {
				LastSwiftUpdateCheck = 1020;
				LastUpgradeCheck = 1020;
				ORGANIZATIONNAME = "Anthony Cozzi";
				TargetAttributes = {
					7578F20A22E29CB900D42ADC = {
						CreatedOnToolsVersion = 10.2.1;
					};
				};
			};
			buildConfigurationList = 7578F20622E29CB900D42ADC /* Build configuration list for PBXProject "vision-app-dev" */;
			compatibilityVersion = "Xcode 9.3";
			developmentRegion = en;
			hasScannedForEncodings = 0;
			knownRegions = (
				en,
				Base,
			);
			mainGroup = 7578F20222E29CB900D42ADC;
			productRefGroup = 7578F20C22E29CB900D42ADC /* Products */;
			projectDirPath = "";
			projectRoot = "";
			targets = (
				7578F20A22E29CB900D42ADC /* vision-app-dev */,
			);
		};
/* End PBXProject section */

/* Begin PBXResourcesBuildPhase section */
		7578F20922E29CB900D42ADC /* Resources */ = {
			isa = PBXResourcesBuildPhase;
			buildActionMask = 2147483647;
			files = (
				7578F21922E29CBC00D42ADC /* LaunchScreen.storyboard in Resources */,
				7578F21622E29CBC00D42ADC /* Assets.xcassets in Resources */,
				7578F21422E29CB900D42ADC /* Main.storyboard in Resources */,
			);
			runOnlyForDeploymentPostprocessing = 0;
		};
/* End PBXResourcesBuildPhase section */

/* Begin PBXSourcesBuildPhase section */
		7578F20722E29CB900D42ADC /* Sources */ = {
			isa = PBXSourcesBuildPhase;
			buildActionMask = 2147483647;
			files = (
				7578F22422E2A01D00D42ADC /* RoundedShadow.swift in Sources */,
				7578F22A22E2BAA200D42ADC /* SqueezeNet.mlmodel in Sources */,
				7578F21122E29CB900D42ADC /* CameraVC.swift in Sources */,
				7578F20F22E29CB900D42ADC /* AppDelegate.swift in Sources */,
				7578F22622E2A13C00D42ADC /* RoundedShadowButton.swift in Sources */,
				7578F22822E2A17D00D42ADC /* RoundedShadowImageView.swift in Sources */,
			);
			runOnlyForDeploymentPostprocessing = 0;
		};
/* End PBXSourcesBuildPhase section */

/* Begin PBXVariantGroup section */
		7578F21222E29CB900D42ADC /* Main.storyboard */ = {
			isa = PBXVariantGroup;
			children = (
				7578F21322E29CB900D42ADC /* Base */,
			);
			name = Main.storyboard;
			sourceTree = "<group>";
		};
		7578F21722E29CBC00D42ADC /* LaunchScreen.storyboard */ = {
			isa = PBXVariantGroup;
			children = (
				7578F21822E29CBC00D42ADC /* Base */,
			);
			name = LaunchScreen.storyboard;
			sourceTree = "<group>";
		};
/* End PBXVariantGroup section */

/* Begin XCBuildConfiguration section */
		7578F21B22E29CBC00D42ADC /* Debug */ = {
			isa = XCBuildConfiguration;
			buildSettings = {
				ALWAYS_SEARCH_USER_PATHS = NO;
				CLANG_ANALYZER_NONNULL = YES;
				CLANG_ANALYZER_NUMBER_OBJECT_CONVERSION = YES_AGGRESSIVE;
				CLANG_CXX_LANGUAGE_STANDARD = "gnu++14";
				CLANG_CXX_LIBRARY = "libc++";
				CLANG_ENABLE_MODULES = YES;
				CLANG_ENABLE_OBJC_ARC = YES;
				CLANG_ENABLE_OBJC_WEAK = YES;
				CLANG_WARN_BLOCK_CAPTURE_AUTORELEASING = YES;
				CLANG_WARN_BOOL_CONVERSION = YES;
				CLANG_WARN_COMMA = YES;
				CLANG_WARN_CONSTANT_CONVERSION = YES;
				CLANG_WARN_DEPRECATED_OBJC_IMPLEMENTATIONS = YES;
				CLANG_WARN_DIRECT_OBJC_ISA_USAGE = YES_ERROR;
				CLANG_WARN_DOCUMENTATION_COMMENTS = YES;
				CLANG_WARN_EMPTY_BODY = YES;
				CLANG_WARN_ENUM_CONVERSION = YES;
				CLANG_WARN_INFINITE_RECURSION = YES;
				CLANG_WARN_INT_CONVERSION = YES;
				CLANG_WARN_NON_LITERAL_NULL_CONVERSION = YES;
				CLANG_WARN_OBJC_IMPLICIT_RETAIN_SELF = YES;
				CLANG_WARN_OBJC_LITERAL_CONVERSION = YES;
				CLANG_WARN_OBJC_ROOT_CLASS = YES_ERROR;
				CLANG_WARN_RANGE_LOOP_ANALYSIS = YES;
				CLANG_WARN_STRICT_PROTOTYPES = YES;
				CLANG_WARN_SUSPICIOUS_MOVE = YES;
				CLANG_WARN_UNGUARDED_AVAILABILITY = YES_AGGRESSIVE;
				CLANG_WARN_UNREACHABLE_CODE = YES;
				CLANG_WARN__DUPLICATE_METHOD_MATCH = YES;
				CODE_SIGN_IDENTITY = "iPhone Developer";
				COPY_PHASE_STRIP = NO;
				DEBUG_INFORMATION_FORMAT = dwarf;
				ENABLE_STRICT_OBJC_MSGSEND = YES;
				ENABLE_TESTABILITY = YES;
				GCC_C_LANGUAGE_STANDARD = gnu11;
				GCC_DYNAMIC_NO_PIC = NO;
				GCC_NO_COMMON_BLOCKS = YES;
				GCC_OPTIMIZATION_LEVEL = 0;
				GCC_PREPROCESSOR_DEFINITIONS = (
					"DEBUG=1",
					"$(inherited)",
				);
				GCC_WARN_64_TO_32_BIT_CONVERSION = YES;
				GCC_WARN_ABOUT_RETURN_TYPE = YES_ERROR;
				GCC_WARN_UNDECLARED_SELECTOR = YES;
				GCC_WARN_UNINITIALIZED_AUTOS = YES_AGGRESSIVE;
				GCC_WARN_UNUSED_FUNCTION = YES;
				GCC_WARN_UNUSED_VARIABLE = YES;
				IPHONEOS_DEPLOYMENT_TARGET = 12.2;
				MTL_ENABLE_DEBUG_INFO = INCLUDE_SOURCE;
				MTL_FAST_MATH = YES;
				ONLY_ACTIVE_ARCH = YES;
				SDKROOT = iphoneos;
				SWIFT_ACTIVE_COMPILATION_CONDITIONS = DEBUG;
				SWIFT_OPTIMIZATION_LEVEL = "-Onone";
			};
			name = Debug;
		};
		7578F21C22E29CBC00D42ADC /* Release */ = {
			isa = XCBuildConfiguration;
			buildSettings = {
				ALWAYS_SEARCH_USER_PATHS = NO;
				CLANG_ANALYZER_NONNULL = YES;
				CLANG_ANALYZER_NUMBER_OBJECT_CONVERSION = YES_AGGRESSIVE;
				CLANG_CXX_LANGUAGE_STANDARD = "gnu++14";
				CLANG_CXX_LIBRARY = "libc++";
				CLANG_ENABLE_MODULES = YES;
				CLANG_ENABLE_OBJC_ARC = YES;
				CLANG_ENABLE_OBJC_WEAK = YES;
				CLANG_WARN_BLOCK_CAPTURE_AUTORELEASING = YES;
				CLANG_WARN_BOOL_CONVERSION = YES;
				CLANG_WARN_COMMA = YES;
				CLANG_WARN_CONSTANT_CONVERSION = YES;
				CLANG_WARN_DEPRECATED_OBJC_IMPLEMENTATIONS = YES;
				CLANG_WARN_DIRECT_OBJC_ISA_USAGE = YES_ERROR;
				CLANG_WARN_DOCUMENTATION_COMMENTS = YES;
				CLANG_WARN_EMPTY_BODY = YES;
				CLANG_WARN_ENUM_CONVERSION = YES;
				CLANG_WARN_INFINITE_RECURSION = YES;
				CLANG_WARN_INT_CONVERSION = YES;
				CLANG_WARN_NON_LITERAL_NULL_CONVERSION = YES;
				CLANG_WARN_OBJC_IMPLICIT_RETAIN_SELF = YES;
				CLANG_WARN_OBJC_LITERAL_CONVERSION = YES;
				CLANG_WARN_OBJC_ROOT_CLASS = YES_ERROR;
				CLANG_WARN_RANGE_LOOP_ANALYSIS = YES;
				CLANG_WARN_STRICT_PROTOTYPES = YES;
				CLANG_WARN_SUSPICIOUS_MOVE = YES;
				CLANG_WARN_UNGUARDED_AVAILABILITY = YES_AGGRESSIVE;
				CLANG_WARN_UNREACHABLE_CODE = YES;
				CLANG_WARN__DUPLICATE_METHOD_MATCH = YES;
				CODE_SIGN_IDENTITY = "iPhone Developer";
				COPY_PHASE_STRIP = NO;
				DEBUG_INFORMATION_FORMAT = "dwarf-with-dsym";
				ENABLE_NS_ASSERTIONS = NO;
				ENABLE_STRICT_OBJC_MSGSEND = YES;
				GCC_C_LANGUAGE_STANDARD = gnu11;
				GCC_NO_COMMON_BLOCKS = YES;
				GCC_WARN_64_TO_32_BIT_CONVERSION = YES;
				GCC_WARN_ABOUT_RETURN_TYPE = YES_ERROR;
				GCC_WARN_UNDECLARED_SELECTOR = YES;
				GCC_WARN_UNINITIALIZED_AUTOS = YES_AGGRESSIVE;
				GCC_WARN_UNUSED_FUNCTION = YES;
				GCC_WARN_UNUSED_VARIABLE = YES;
				IPHONEOS_DEPLOYMENT_TARGET = 12.2;
				MTL_ENABLE_DEBUG_INFO = NO;
				MTL_FAST_MATH = YES;
				SDKROOT = iphoneos;
				SWIFT_COMPILATION_MODE = wholemodule;
				SWIFT_OPTIMIZATION_LEVEL = "-O";
				VALIDATE_PRODUCT = YES;
			};
			name = Release;
		};
		7578F21E22E29CBC00D42ADC /* Debug */ = {
			isa = XCBuildConfiguration;
			buildSettings = {
				ASSETCATALOG_COMPILER_APPICON_NAME = AppIcon;
				CODE_SIGN_STYLE = Automatic;
				DEVELOPMENT_TEAM = 49ZKU4EP4Z;
				INFOPLIST_FILE = "vision-app-dev/Info.plist";
				LD_RUNPATH_SEARCH_PATHS = (
					"$(inherited)",
					"@executable_path/Frameworks",
				);
				PRODUCT_BUNDLE_IDENTIFIER = "FreshStack.vision-app-dev";
				PRODUCT_NAME = "$(TARGET_NAME)";
				SWIFT_VERSION = 5.0;
				TARGETED_DEVICE_FAMILY = "1,2";
			};
			name = Debug;
		};
		7578F21F22E29CBC00D42ADC /* Release */ = {
			isa = XCBuildConfiguration;
			buildSettings = {
				ASSETCATALOG_COMPILER_APPICON_NAME = AppIcon;
				CODE_SIGN_STYLE = Automatic;
				DEVELOPMENT_TEAM = 49ZKU4EP4Z;
				INFOPLIST_FILE = "vision-app-dev/Info.plist";
				LD_RUNPATH_SEARCH_PATHS = (
					"$(inherited)",
					"@executable_path/Frameworks",
				);
				PRODUCT_BUNDLE_IDENTIFIER = "FreshStack.vision-app-dev";
				PRODUCT_NAME = "$(TARGET_NAME)";
				SWIFT_VERSION = 5.0;
				TARGETED_DEVICE_FAMILY = "1,2";
			};
			name = Release;
		};
/* End XCBuildConfiguration section */

/* Begin XCConfigurationList section */
		7578F20622E29CB900D42ADC /* Build configuration list for PBXProject "vision-app-dev" */ = {
			isa = XCConfigurationList;
			buildConfigurations = (
				7578F21B22E29CBC00D42ADC /* Debug */,
				7578F21C22E29CBC00D42ADC /* Release */,
			);
			defaultConfigurationIsVisible = 0;
			defaultConfigurationName = Release;
		};
		7578F21D22E29CBC00D42ADC /* Build configuration list for PBXNativeTarget "vision-app-dev" */ = {
			isa = XCConfigurationList;
			buildConfigurations = (
				7578F21E22E29CBC00D42ADC /* Debug */,
				7578F21F22E29CBC00D42ADC /* Release */,
			);
			defaultConfigurationIsVisible = 0;
			defaultConfigurationName = Release;
		};
/* End XCConfigurationList section */
	};
	rootObject = 7578F20322E29CB900D42ADC /* Project object */;
}
